
Microsoft Visual Studio Solution File, Format Version 12.00
# Visual Studio 15
VisualStudioVersion = 15.0.28010.2050
MinimumVisualStudioVersion = 10.0.40219.1
Project("{FAE04EC0-301F-11D3-BF4B-00C04F79EFBC}") = "JoinStringAndValue", "JoinStringAndValue\JoinStringAndValue.csproj", "{7874B974-DB10-4EBA-8AB2-CD7554C280D7}"
EndProject
Global
	GlobalSection(SolutionConfigurationPlatforms) = preSolution
		Debug|x86 = Debug|x86
		Release|x86 = Release|x86
	EndGlobalSection
	GlobalSection(ProjectConfigurationPlatforms) = postSolution
		{7874B974-DB10-4EBA-8AB2-CD7554C280D7}.Debug|x86.ActiveCfg = Debug|x64
		{7874B974-DB10-4EBA-8AB2-CD7554C280D7}.Debug|x86.Build.0 = Debug|x64
		{7874B974-DB10-4EBA-8AB2-CD7554C280D7}.Release|x86.ActiveCfg = Release|x86
		{7874B974-DB10-4EBA-8AB2-CD7554C280D7}.Release|x86.Build.0 = Release|x86
	EndGlobalSection
	GlobalSection(SolutionProperties) = preSolution
		HideSolutionNode = FALSE
	EndGlobalSection
	GlobalSection(ExtensibilityGlobals) = postSolution
		SolutionGuid = {D52BD5C4-1647-4B4C-B82C-C96E4EE39BAE}
	EndGlobalSection
EndGlobal
